
Microsoft Visual Studio Solution File, Format Version 12.00
# Visual Studio Version 17
VisualStudioVersion = 17.0.31903.59
MinimumVisualStudioVersion = 10.0.40219.1
Project("{2150E333-8FDC-42A3-9474-1A3956D46DE8}") = "Backend", "Backend", "{02EA681E-C7D8-13C7-8484-4AC65E1B71E8}"
EndProject
Project("{2150E333-8FDC-42A3-9474-1A3956D46DE8}") = "Frontend", "Frontend", "{97B48EDC-7530-4F78-9611-079A8C9A6E6C}"
EndProject
Project("{FAE04EC0-301F-11D3-BF4B-00C04F79EFBC}") = "ai-powered-content-moderator-api", "Backend\ai-powered-content-moderator-api.csproj", "{B68F790B-6A83-2177-17B1-4F4F6B4F15EF}"
EndProject
Global
	GlobalSection(SolutionConfigurationPlatforms) = preSolution
		Debug|Any CPU = Debug|Any CPU
		Release|Any CPU = Release|Any CPU
	EndGlobalSection
	GlobalSection(ProjectConfigurationPlatforms) = postSolution
		{B68F790B-6A83-2177-17B1-4F4F6B4F15EF}.Debug|Any CPU.ActiveCfg = Debug|Any CPU
		{B68F790B-6A83-2177-17B1-4F4F6B4F15EF}.Debug|Any CPU.Build.0 = Debug|Any CPU
		{B68F790B-6A83-2177-17B1-4F4F6B4F15EF}.Release|Any CPU.ActiveCfg = Release|Any CPU
		{B68F790B-6A83-2177-17B1-4F4F6B4F15EF}.Release|Any CPU.Build.0 = Release|Any CPU
	EndGlobalSection
	GlobalSection(SolutionProperties) = preSolution
		HideSolutionNode = FALSE
	EndGlobalSection
	GlobalSection(NestedProjects) = preSolution
		{B68F790B-6A83-2177-17B1-4F4F6B4F15EF} = {02EA681E-C7D8-13C7-8484-4AC65E1B71E8}
	EndGlobalSection
	GlobalSection(ExtensibilityGlobals) = postSolution
		SolutionGuid = {6731FB2D-1C16-4444-A89F-5BF42BFCCC5B}
	EndGlobalSection
EndGlobal
